
Microsoft Visual Studio Solution File, Format Version 12.00
# Visual Studio 2013
VisualStudioVersion = 12.0.31101.0
MinimumVisualStudioVersion = 10.0.40219.1
Project("{FAE04EC0-301F-11D3-BF4B-00C04F79EFBC}") = "OK", "OK\OK.csproj", "{9FF80545-173C-47C1-A84A-14DAE649AD31}"
EndProject
Project("{2150E333-8FDC-42A3-9474-1A3956D46DE8}") = ".nuget", ".nuget", "{AE67CDB5-5BE4-4C79-A126-427D5370DAC2}"
	ProjectSection(SolutionItems) = preProject
		.nuget\packages.config = .nuget\packages.config
	EndProjectSection
EndProject
Global
	GlobalSection(SolutionConfigurationPlatforms) = preSolution
		Debug|Any CPU = Debug|Any CPU
		Release|Any CPU = Release|Any CPU
	EndGlobalSection
	GlobalSection(ProjectConfigurationPlatforms) = postSolution
		{9FF80545-173C-47C1-A84A-14DAE649AD31}.Debug|Any CPU.ActiveCfg = Debug|Any CPU
		{9FF80545-173C-47C1-A84A-14DAE649AD31}.Debug|Any CPU.Build.0 = Debug|Any CPU
		{9FF80545-173C-47C1-A84A-14DAE649AD31}.Release|Any CPU.ActiveCfg = Release|Any CPU
		{9FF80545-173C-47C1-A84A-14DAE649AD31}.Release|Any CPU.Build.0 = Release|Any CPU
	EndGlobalSection
	GlobalSection(SolutionProperties) = preSolution
		HideSolutionNode = FALSE
	EndGlobalSection
EndGlobal
